// !$*UTF8*$!
{
	archiveVersion = 1;
	classes = {
	};
	objectVersion = 56;
	objects = {

/* Begin PBXBuildFile section */
		CF76BC302B63AA9100D78026 /* AppDelegate.swift in Sources */ = {isa = PBXBuildFile; fileRef = CF76BC2F2B63AA9100D78026 /* AppDelegate.swift */; };
		CF76BC322B63AA9100D78026 /* SceneDelegate.swift in Sources */ = {isa = PBXBuildFile; fileRef = CF76BC312B63AA9100D78026 /* SceneDelegate.swift */; };
		CF76BC372B63AA9100D78026 /* Main.storyboard in Resources */ = {isa = PBXBuildFile; fileRef = CF76BC352B63AA9100D78026 /* Main.storyboard */; };
		CF76BC392B63AA9300D78026 /* Assets.xcassets in Resources */ = {isa = PBXBuildFile; fileRef = CF76BC382B63AA9300D78026 /* Assets.xcassets */; };
		CF76BC3C2B63AA9300D78026 /* LaunchScreen.storyboard in Resources */ = {isa = PBXBuildFile; fileRef = CF76BC3A2B63AA9300D78026 /* LaunchScreen.storyboard */; };
		CF76BC492B63AAE600D78026 /* ChatMessageViewCell.swift in Sources */ = {isa = PBXBuildFile; fileRef = CF76BC432B63AAE400D78026 /* ChatMessageViewCell.swift */; };
		CF76BC4A2B63AAE600D78026 /* ChatViewController.swift in Sources */ = {isa = PBXBuildFile; fileRef = CF76BC442B63AAE400D78026 /* ChatViewController.swift */; };
		CF76BC4B2B63AAE600D78026 /* ChatViewModel.swift in Sources */ = {isa = PBXBuildFile; fileRef = CF76BC452B63AAE500D78026 /* ChatViewModel.swift */; };
		CF76BC4C2B63AAE600D78026 /* Contact.swift in Sources */ = {isa = PBXBuildFile; fileRef = CF76BC462B63AAE500D78026 /* Contact.swift */; };
		CF76BC4D2B63AAE600D78026 /* ReverseJoker.swift in Sources */ = {isa = PBXBuildFile; fileRef = CF76BC472B63AAE600D78026 /* ReverseJoker.swift */; };
/* End PBXBuildFile section */

/* Begin PBXFileReference section */
		CF76BC2C2B63AA9100D78026 /* chatapp.app */ = {isa = PBXFileReference; explicitFileType = wrapper.application; includeInIndex = 0; path = chatapp.app; sourceTree = BUILT_PRODUCTS_DIR; };
		CF76BC2F2B63AA9100D78026 /* AppDelegate.swift */ = {isa = PBXFileReference; lastKnownFileType = sourcecode.swift; path = AppDelegate.swift; sourceTree = "<group>"; };
		CF76BC312B63AA9100D78026 /* SceneDelegate.swift */ = {isa = PBXFileReference; lastKnownFileType = sourcecode.swift; path = SceneDelegate.swift; sourceTree = "<group>"; };
		CF76BC362B63AA9100D78026 /* Base */ = {isa = PBXFileReference; lastKnownFileType = file.storyboard; name = Base; path = Base.lproj/Main.storyboard; sourceTree = "<group>"; };
		CF76BC382B63AA9300D78026 /* Assets.xcassets */ = {isa = PBXFileReference; lastKnownFileType = folder.assetcatalog; path = Assets.xcassets; sourceTree = "<group>"; };
		CF76BC3B2B63AA9300D78026 /* Base */ = {isa = PBXFileReference; lastKnownFileType = file.storyboard; name = Base; path = Base.lproj/LaunchScreen.storyboard; sourceTree = "<group>"; };
		CF76BC3D2B63AA9300D78026 /* Info.plist */ = {isa = PBXFileReference; lastKnownFileType = text.plist.xml; path = Info.plist; sourceTree = "<group>"; };
		CF76BC432B63AAE400D78026 /* ChatMessageViewCell.swift */ = {isa = PBXFileReference; fileEncoding = 4; lastKnownFileType = sourcecode.swift; path = ChatMessageViewCell.swift; sourceTree = "<group>"; };
		CF76BC442B63AAE400D78026 /* ChatViewController.swift */ = {isa = PBXFileReference; fileEncoding = 4; lastKnownFileType = sourcecode.swift; path = ChatViewController.swift; sourceTree = "<group>"; };
		CF76BC452B63AAE500D78026 /* ChatViewModel.swift */ = {isa = PBXFileReference; fileEncoding = 4; lastKnownFileType = sourcecode.swift; path = ChatViewModel.swift; sourceTree = "<group>"; };
		CF76BC462B63AAE500D78026 /* Contact.swift */ = {isa = PBXFileReference; fileEncoding = 4; lastKnownFileType = sourcecode.swift; path = Contact.swift; sourceTree = "<group>"; };
		CF76BC472B63AAE600D78026 /* ReverseJoker.swift */ = {isa = PBXFileReference; fileEncoding = 4; lastKnownFileType = sourcecode.swift; path = ReverseJoker.swift; sourceTree = "<group>"; };
/* End PBXFileReference section */

/* Begin PBXFrameworksBuildPhase section */
		CF76BC292B63AA9100D78026 /* Frameworks */ = {
			isa = PBXFrameworksBuildPhase;
			buildActionMask = 2147483647;
			files = (
			);
			runOnlyForDeploymentPostprocessing = 0;
		};
/* End PBXFrameworksBuildPhase section */

/* Begin PBXGroup section */
		CF76BC232B63AA9100D78026 = {
			isa = PBXGroup;
			children = (
				CF76BC2E2B63AA9100D78026 /* chatapp */,
				CF76BC2D2B63AA9100D78026 /* Products */,
			);
			sourceTree = "<group>";
		};
		CF76BC2D2B63AA9100D78026 /* Products */ = {
			isa = PBXGroup;
			children = (
				CF76BC2C2B63AA9100D78026 /* chatapp.app */,
			);
			name = Products;
			sourceTree = "<group>";
		};
		CF76BC2E2B63AA9100D78026 /* chatapp */ = {
			isa = PBXGroup;
			children = (
				CF76BC432B63AAE400D78026 /* ChatMessageViewCell.swift */,
				CF76BC442B63AAE400D78026 /* ChatViewController.swift */,
				CF76BC452B63AAE500D78026 /* ChatViewModel.swift */,
				CF76BC462B63AAE500D78026 /* Contact.swift */,
				CF76BC472B63AAE600D78026 /* ReverseJoker.swift */,
				CF76BC2F2B63AA9100D78026 /* AppDelegate.swift */,
				CF76BC312B63AA9100D78026 /* SceneDelegate.swift */,
				CF76BC352B63AA9100D78026 /* Main.storyboard */,
				CF76BC382B63AA9300D78026 /* Assets.xcassets */,
				CF76BC3A2B63AA9300D78026 /* LaunchScreen.storyboard */,
				CF76BC3D2B63AA9300D78026 /* Info.plist */,
			);
			path = chatapp;
			sourceTree = "<group>";
		};
/* End PBXGroup section */

/* Begin PBXNativeTarget section */
		CF76BC2B2B63AA9100D78026 /* chatapp */ = {
			isa = PBXNativeTarget;
			buildConfigurationList = CF76BC402B63AA9300D78026 /* Build configuration list for PBXNativeTarget "chatapp" */;
			buildPhases = (
				CF76BC282B63AA9100D78026 /* Sources */,
				CF76BC292B63AA9100D78026 /* Frameworks */,
				CF76BC2A2B63AA9100D78026 /* Resources */,
			);
			buildRules = (
			);
			dependencies = (
			);
			name = chatapp;
			productName = chatapp;
			productReference = CF76BC2C2B63AA9100D78026 /* chatapp.app */;
			productType = "com.apple.product-type.application";
		};
/* End PBXNativeTarget section */

/* Begin PBXProject section */
		CF76BC242B63AA9100D78026 /* Project object */ = {
			isa = PBXProject;
			attributes = {
				BuildIndependentTargetsInParallel = 1;
				LastSwiftUpdateCheck = 1420;
				LastUpgradeCheck = 1420;
				TargetAttributes = {
					CF76BC2B2B63AA9100D78026 = {
						CreatedOnToolsVersion = 14.2;
					};
				};
			};
			buildConfigurationList = CF76BC272B63AA9100D78026 /* Build configuration list for PBXProject "chatapp" */;
			compatibilityVersion = "Xcode 14.0";
			developmentRegion = en;
			hasScannedForEncodings = 0;
			knownRegions = (
				en,
				Base,
			);
			mainGroup = CF76BC232B63AA9100D78026;
			productRefGroup = CF76BC2D2B63AA9100D78026 /* Products */;
			projectDirPath = "";
			projectRoot = "";
			targets = (
				CF76BC2B2B63AA9100D78026 /* chatapp */,
			);
		};
/* End PBXProject section */

/* Begin PBXResourcesBuildPhase section */
		CF76BC2A2B63AA9100D78026 /* Resources */ = {
			isa = PBXResourcesBuildPhase;
			buildActionMask = 2147483647;
			files = (
				CF76BC3C2B63AA9300D78026 /* LaunchScreen.storyboard in Resources */,
				CF76BC392B63AA9300D78026 /* Assets.xcassets in Resources */,
				CF76BC372B63AA9100D78026 /* Main.storyboard in Resources */,
			);
			runOnlyForDeploymentPostprocessing = 0;
		};
/* End PBXResourcesBuildPhase section */

/* Begin PBXSourcesBuildPhase section */
		CF76BC282B63AA9100D78026 /* Sources */ = {
			isa = PBXSourcesBuildPhase;
			buildActionMask = 2147483647;
			files = (
				CF76BC492B63AAE600D78026 /* ChatMessageViewCell.swift in Sources */,
				CF76BC302B63AA9100D78026 /* AppDelegate.swift in Sources */,
				CF76BC4A2B63AAE600D78026 /* ChatViewController.swift in Sources */,
				CF76BC4D2B63AAE600D78026 /* ReverseJoker.swift in Sources */,
				CF76BC4B2B63AAE600D78026 /* ChatViewModel.swift in Sources */,
				CF76BC322B63AA9100D78026 /* SceneDelegate.swift in Sources */,
				CF76BC4C2B63AAE600D78026 /* Contact.swift in Sources */,
			);
			runOnlyForDeploymentPostprocessing = 0;
		};
/* End PBXSourcesBuildPhase section */

/* Begin PBXVariantGroup section */
		CF76BC352B63AA9100D78026 /* Main.storyboard */ = {
			isa = PBXVariantGroup;
			children = (
				CF76BC362B63AA9100D78026 /* Base */,
			);
			name = Main.storyboard;
			sourceTree = "<group>";
		};
		CF76BC3A2B63AA9300D78026 /* LaunchScreen.storyboard */ = {
			isa = PBXVariantGroup;
			children = (
				CF76BC3B2B63AA9300D78026 /* Base */,
			);
			name = LaunchScreen.storyboard;
			sourceTree = "<group>";
		};
/* End PBXVariantGroup section */

/* Begin XCBuildConfiguration section */
		CF76BC3E2B63AA9300D78026 /* Debug */ = {
			isa = XCBuildConfiguration;
			buildSettings = {
				ALWAYS_SEARCH_USER_PATHS = NO;
				CLANG_ANALYZER_NONNULL = YES;
				CLANG_ANALYZER_NUMBER_OBJECT_CONVERSION = YES_AGGRESSIVE;
				CLANG_CXX_LANGUAGE_STANDARD = "gnu++20";
				CLANG_ENABLE_MODULES = YES;
				CLANG_ENABLE_OBJC_ARC = YES;
				CLANG_ENABLE_OBJC_WEAK = YES;
				CLANG_WARN_BLOCK_CAPTURE_AUTORELEASING = YES;
				CLANG_WARN_BOOL_CONVERSION = YES;
				CLANG_WARN_COMMA = YES;
				CLANG_WARN_CONSTANT_CONVERSION = YES;
				CLANG_WARN_DEPRECATED_OBJC_IMPLEMENTATIONS = YES;
				CLANG_WARN_DIRECT_OBJC_ISA_USAGE = YES_ERROR;
				CLANG_WARN_DOCUMENTATION_COMMENTS = YES;
				CLANG_WARN_EMPTY_BODY = YES;
				CLANG_WARN_ENUM_CONVERSION = YES;
				CLANG_WARN_INFINITE_RECURSION = YES;
				CLANG_WARN_INT_CONVERSION = YES;
				CLANG_WARN_NON_LITERAL_NULL_CONVERSION = YES;
				CLANG_WARN_OBJC_IMPLICIT_RETAIN_SELF = YES;
				CLANG_WARN_OBJC_LITERAL_CONVERSION = YES;
				CLANG_WARN_OBJC_ROOT_CLASS = YES_ERROR;
				CLANG_WARN_QUOTED_INCLUDE_IN_FRAMEWORK_HEADER = YES;
				CLANG_WARN_RANGE_LOOP_ANALYSIS = YES;
				CLANG_WARN_STRICT_PROTOTYPES = YES;
				CLANG_WARN_SUSPICIOUS_MOVE = YES;
				CLANG_WARN_UNGUARDED_AVAILABILITY = YES_AGGRESSIVE;
				CLANG_WARN_UNREACHABLE_CODE = YES;
				CLANG_WARN__DUPLICATE_METHOD_MATCH = YES;
				COPY_PHASE_STRIP = NO;
				DEBUG_INFORMATION_FORMAT = dwarf;
				ENABLE_STRICT_OBJC_MSGSEND = YES;
				ENABLE_TESTABILITY = YES;
				GCC_C_LANGUAGE_STANDARD = gnu11;
				GCC_DYNAMIC_NO_PIC = NO;
				GCC_NO_COMMON_BLOCKS = YES;
				GCC_OPTIMIZATION_LEVEL = 0;
				GCC_PREPROCESSOR_DEFINITIONS = (
					"DEBUG=1",
					"$(inherited)",
				);
				GCC_WARN_64_TO_32_BIT_CONVERSION = YES;
				GCC_WARN_ABOUT_RETURN_TYPE = YES_ERROR;
				GCC_WARN_UNDECLARED_SELECTOR = YES;
				GCC_WARN_UNINITIALIZED_AUTOS = YES_AGGRESSIVE;
				GCC_WARN_UNUSED_FUNCTION = YES;
				GCC_WARN_UNUSED_VARIABLE = YES;
				IPHONEOS_DEPLOYMENT_TARGET = 16.2;
				MTL_ENABLE_DEBUG_INFO = INCLUDE_SOURCE;
				MTL_FAST_MATH = YES;
				ONLY_ACTIVE_ARCH = YES;
				SDKROOT = iphoneos;
				SWIFT_ACTIVE_COMPILATION_CONDITIONS = DEBUG;
				SWIFT_OPTIMIZATION_LEVEL = "-Onone";
			};
			name = Debug;
		};
		CF76BC3F2B63AA9300D78026 /* Release */ = {
			isa = XCBuildConfiguration;
			buildSettings = {
				ALWAYS_SEARCH_USER_PATHS = NO;
				CLANG_ANALYZER_NONNULL = YES;
				CLANG_ANALYZER_NUMBER_OBJECT_CONVERSION = YES_AGGRESSIVE;
				CLANG_CXX_LANGUAGE_STANDARD = "gnu++20";
				CLANG_ENABLE_MODULES = YES;
				CLANG_ENABLE_OBJC_ARC = YES;
				CLANG_ENABLE_OBJC_WEAK = YES;
				CLANG_WARN_BLOCK_CAPTURE_AUTORELEASING = YES;
				CLANG_WARN_BOOL_CONVERSION = YES;
				CLANG_WARN_COMMA = YES;
				CLANG_WARN_CONSTANT_CONVERSION = YES;
				CLANG_WARN_DEPRECATED_OBJC_IMPLEMENTATIONS = YES;
				CLANG_WARN_DIRECT_OBJC_ISA_USAGE = YES_ERROR;
				CLANG_WARN_DOCUMENTATION_COMMENTS = YES;
				CLANG_WARN_EMPTY_BODY = YES;
				CLANG_WARN_ENUM_CONVERSION = YES;
				CLANG_WARN_INFINITE_RECURSION = YES;
				CLANG_WARN_INT_CONVERSION = YES;
				CLANG_WARN_NON_LITERAL_NULL_CONVERSION = YES;
				CLANG_WARN_OBJC_IMPLICIT_RETAIN_SELF = YES;
				CLANG_WARN_OBJC_LITERAL_CONVERSION = YES;
				CLANG_WARN_OBJC_ROOT_CLASS = YES_ERROR;
				CLANG_WARN_QUOTED_INCLUDE_IN_FRAMEWORK_HEADER = YES;
				CLANG_WARN_RANGE_LOOP_ANALYSIS = YES;
				CLANG_WARN_STRICT_PROTOTYPES = YES;
				CLANG_WARN_SUSPICIOUS_MOVE = YES;
				CLANG_WARN_UNGUARDED_AVAILABILITY = YES_AGGRESSIVE;
				CLANG_WARN_UNREACHABLE_CODE = YES;
				CLANG_WARN__DUPLICATE_METHOD_MATCH = YES;
				COPY_PHASE_STRIP = NO;
				DEBUG_INFORMATION_FORMAT = "dwarf-with-dsym";
				ENABLE_NS_ASSERTIONS = NO;
				ENABLE_STRICT_OBJC_MSGSEND = YES;
				GCC_C_LANGUAGE_STANDARD = gnu11;
				GCC_NO_COMMON_BLOCKS = YES;
				GCC_WARN_64_TO_32_BIT_CONVERSION = YES;
				GCC_WARN_ABOUT_RETURN_TYPE = YES_ERROR;
				GCC_WARN_UNDECLARED_SELECTOR = YES;
				GCC_WARN_UNINITIALIZED_AUTOS = YES_AGGRESSIVE;
				GCC_WARN_UNUSED_FUNCTION = YES;
				GCC_WARN_UNUSED_VARIABLE = YES;
				IPHONEOS_DEPLOYMENT_TARGET = 16.2;
				MTL_ENABLE_DEBUG_INFO = NO;
				MTL_FAST_MATH = YES;
				SDKROOT = iphoneos;
				SWIFT_COMPILATION_MODE = wholemodule;
				SWIFT_OPTIMIZATION_LEVEL = "-O";
				VALIDATE_PRODUCT = YES;
			};
			name = Release;
		};
		CF76BC412B63AA9300D78026 /* Debug */ = {
			isa = XCBuildConfiguration;
			buildSettings = {
				ASSETCATALOG_COMPILER_APPICON_NAME = AppIcon;
				ASSETCATALOG_COMPILER_GLOBAL_ACCENT_COLOR_NAME = AccentColor;
				CODE_SIGN_STYLE = Automatic;
				CURRENT_PROJECT_VERSION = 1;
				DEVELOPMENT_TEAM = KQ46EWSK84;
				GENERATE_INFOPLIST_FILE = YES;
				INFOPLIST_FILE = chatapp/Info.plist;
				INFOPLIST_KEY_UIApplicationSupportsIndirectInputEvents = YES;
				INFOPLIST_KEY_UILaunchStoryboardName = LaunchScreen;
				INFOPLIST_KEY_UIMainStoryboardFile = Main;
				INFOPLIST_KEY_UISupportedInterfaceOrientations_iPad = "UIInterfaceOrientationPortrait UIInterfaceOrientationPortraitUpsideDown UIInterfaceOrientationLandscapeLeft UIInterfaceOrientationLandscapeRight";
				INFOPLIST_KEY_UISupportedInterfaceOrientations_iPhone = "UIInterfaceOrientationPortrait UIInterfaceOrientationLandscapeLeft UIInterfaceOrientationLandscapeRight";
				LD_RUNPATH_SEARCH_PATHS = (
					"$(inherited)",
					"@executable_path/Frameworks",
				);
				MARKETING_VERSION = 1.0;
				PRODUCT_BUNDLE_IDENTIFIER = ensoreus.chatapp;
				PRODUCT_NAME = "$(TARGET_NAME)";
				SWIFT_EMIT_LOC_STRINGS = YES;
				SWIFT_VERSION = 5.0;
				TARGETED_DEVICE_FAMILY = "1,2";
			};
			name = Debug;
		};
		CF76BC422B63AA9300D78026 /* Release */ = {
			isa = XCBuildConfiguration;
			buildSettings = {
				ASSETCATALOG_COMPILER_APPICON_NAME = AppIcon;
				ASSETCATALOG_COMPILER_GLOBAL_ACCENT_COLOR_NAME = AccentColor;
				CODE_SIGN_STYLE = Automatic;
				CURRENT_PROJECT_VERSION = 1;
				DEVELOPMENT_TEAM = KQ46EWSK84;
				GENERATE_INFOPLIST_FILE = YES;
				INFOPLIST_FILE = chatapp/Info.plist;
				INFOPLIST_KEY_UIApplicationSupportsIndirectInputEvents = YES;
				INFOPLIST_KEY_UILaunchStoryboardName = LaunchScreen;
				INFOPLIST_KEY_UIMainStoryboardFile = Main;
				INFOPLIST_KEY_UISupportedInterfaceOrientations_iPad = "UIInterfaceOrientationPortrait UIInterfaceOrientationPortraitUpsideDown UIInterfaceOrientationLandscapeLeft UIInterfaceOrientationLandscapeRight";
				INFOPLIST_KEY_UISupportedInterfaceOrientations_iPhone = "UIInterfaceOrientationPortrait UIInterfaceOrientationLandscapeLeft UIInterfaceOrientationLandscapeRight";
				LD_RUNPATH_SEARCH_PATHS = (
					"$(inherited)",
					"@executable_path/Frameworks",
				);
				MARKETING_VERSION = 1.0;
				PRODUCT_BUNDLE_IDENTIFIER = ensoreus.chatapp;
				PRODUCT_NAME = "$(TARGET_NAME)";
				SWIFT_EMIT_LOC_STRINGS = YES;
				SWIFT_VERSION = 5.0;
				TARGETED_DEVICE_FAMILY = "1,2";
			};
			name = Release;
		};
/* End XCBuildConfiguration section */

/* Begin XCConfigurationList section */
		CF76BC272B63AA9100D78026 /* Build configuration list for PBXProject "chatapp" */ = {
			isa = XCConfigurationList;
			buildConfigurations = (
				CF76BC3E2B63AA9300D78026 /* Debug */,
				CF76BC3F2B63AA9300D78026 /* Release */,
			);
			defaultConfigurationIsVisible = 0;
			defaultConfigurationName = Release;
		};
		CF76BC402B63AA9300D78026 /* Build configuration list for PBXNativeTarget "chatapp" */ = {
			isa = XCConfigurationList;
			buildConfigurations = (
				CF76BC412B63AA9300D78026 /* Debug */,
				CF76BC422B63AA9300D78026 /* Release */,
			);
			defaultConfigurationIsVisible = 0;
			defaultConfigurationName = Release;
		};
/* End XCConfigurationList section */
	};
	rootObject = CF76BC242B63AA9100D78026 /* Project object */;
}
